// !$*UTF8*$!
{
	archiveVersion = 1;
	classes = {
	};
	objectVersion = 46;
	objects = {

/* Begin PBXBuildFile section */
		1118CD6B1CA0DF5100C2E0AF /* AppDelegate.swift in Sources */ = {isa = PBXBuildFile; fileRef = 1118CD6A1CA0DF5100C2E0AF /* AppDelegate.swift */; };
		1118CD6D1CA0DF5100C2E0AF /* ViewController.swift in Sources */ = {isa = PBXBuildFile; fileRef = 1118CD6C1CA0DF5100C2E0AF /* ViewController.swift */; };
		1118CD701CA0DF5100C2E0AF /* Main.storyboard in Resources */ = {isa = PBXBuildFile; fileRef = 1118CD6E1CA0DF5100C2E0AF /* Main.storyboard */; };
		1118CD721CA0DF5100C2E0AF /* Assets.xcassets in Resources */ = {isa = PBXBuildFile; fileRef = 1118CD711CA0DF5100C2E0AF /* Assets.xcassets */; };
		1118CD751CA0DF5100C2E0AF /* LaunchScreen.storyboard in Resources */ = {isa = PBXBuildFile; fileRef = 1118CD731CA0DF5100C2E0AF /* LaunchScreen.storyboard */; };
/* End PBXBuildFile section */

/* Begin PBXFileReference section */
		1118CD671CA0DF5100C2E0AF /* fileTest.app */ = {isa = PBXFileReference; explicitFileType = wrapper.application; includeInIndex = 0; path = fileTest.app; sourceTree = BUILT_PRODUCTS_DIR; };
		1118CD6A1CA0DF5100C2E0AF /* AppDelegate.swift */ = {isa = PBXFileReference; lastKnownFileType = sourcecode.swift; path = AppDelegate.swift; sourceTree = "<group>"; };
		1118CD6C1CA0DF5100C2E0AF /* ViewController.swift */ = {isa = PBXFileReference; lastKnownFileType = sourcecode.swift; path = ViewController.swift; sourceTree = "<group>"; };
		1118CD6F1CA0DF5100C2E0AF /* Base */ = {isa = PBXFileReference; lastKnownFileType = file.storyboard; name = Base; path = Base.lproj/Main.storyboard; sourceTree = "<group>"; };
		1118CD711CA0DF5100C2E0AF /* Assets.xcassets */ = {isa = PBXFileReference; lastKnownFileType = folder.assetcatalog; path = Assets.xcassets; sourceTree = "<group>"; };
		1118CD741CA0DF5100C2E0AF /* Base */ = {isa = PBXFileReference; lastKnownFileType = file.storyboard; name = Base; path = Base.lproj/LaunchScreen.storyboard; sourceTree = "<group>"; };
		1118CD761CA0DF5100C2E0AF /* Info.plist */ = {isa = PBXFileReference; lastKnownFileType = text.plist.xml; path = Info.plist; sourceTree = "<group>"; };
/* End PBXFileReference section */

/* Begin PBXFrameworksBuildPhase section */
		1118CD641CA0DF5100C2E0AF /* Frameworks */ = {
			isa = PBXFrameworksBuildPhase;
			buildActionMask = 2147483647;
			files = (
			);
			runOnlyForDeploymentPostprocessing = 0;
		};
/* End PBXFrameworksBuildPhase section */

/* Begin PBXGroup section */
		1118CD5E1CA0DF5100C2E0AF = {
			isa = PBXGroup;
			children = (
				1118CD691CA0DF5100C2E0AF /* fileTest */,
				1118CD681CA0DF5100C2E0AF /* Products */,
			);
			sourceTree = "<group>";
		};
		1118CD681CA0DF5100C2E0AF /* Products */ = {
			isa = PBXGroup;
			children = (
				1118CD671CA0DF5100C2E0AF /* fileTest.app */,
			);
			name = Products;
			sourceTree = "<group>";
		};
		1118CD691CA0DF5100C2E0AF /* fileTest */ = {
			isa = PBXGroup;
			children = (
				1118CD6A1CA0DF5100C2E0AF /* AppDelegate.swift */,
				1118CD6C1CA0DF5100C2E0AF /* ViewController.swift */,
				1118CD6E1CA0DF5100C2E0AF /* Main.storyboard */,
				1118CD711CA0DF5100C2E0AF /* Assets.xcassets */,
				1118CD731CA0DF5100C2E0AF /* LaunchScreen.storyboard */,
				1118CD761CA0DF5100C2E0AF /* Info.plist */,
			);
			path = fileTest;
			sourceTree = "<group>";
		};
/* End PBXGroup section */

/* Begin PBXNativeTarget section */
		1118CD661CA0DF5100C2E0AF /* fileTest */ = {
			isa = PBXNativeTarget;
			buildConfigurationList = 1118CD791CA0DF5100C2E0AF /* Build configuration list for PBXNativeTarget "fileTest" */;
			buildPhases = (
				1118CD631CA0DF5100C2E0AF /* Sources */,
				1118CD641CA0DF5100C2E0AF /* Frameworks */,
				1118CD651CA0DF5100C2E0AF /* Resources */,
			);
			buildRules = (
			);
			dependencies = (
			);
			name = fileTest;
			productName = fileTest;
			productReference = 1118CD671CA0DF5100C2E0AF /* fileTest.app */;
			productType = "com.apple.product-type.application";
		};
/* End PBXNativeTarget section */

/* Begin PBXProject section */
		1118CD5F1CA0DF5100C2E0AF /* Project object */ = {
			isa = PBXProject;
			attributes = {
				LastSwiftUpdateCheck = 0720;
				LastUpgradeCheck = 0720;
				ORGANIZATIONNAME = "Ka Ho";
				TargetAttributes = {
					1118CD661CA0DF5100C2E0AF = {
						CreatedOnToolsVersion = 7.2.1;
					};
				};
			};
			buildConfigurationList = 1118CD621CA0DF5100C2E0AF /* Build configuration list for PBXProject "fileTest" */;
			compatibilityVersion = "Xcode 3.2";
			developmentRegion = English;
			hasScannedForEncodings = 0;
			knownRegions = (
				en,
				Base,
			);
			mainGroup = 1118CD5E1CA0DF5100C2E0AF;
			productRefGroup = 1118CD681CA0DF5100C2E0AF /* Products */;
			projectDirPath = "";
			projectRoot = "";
			targets = (
				1118CD661CA0DF5100C2E0AF /* fileTest */,
			);
		};
/* End PBXProject section */

/* Begin PBXResourcesBuildPhase section */
		1118CD651CA0DF5100C2E0AF /* Resources */ = {
			isa = PBXResourcesBuildPhase;
			buildActionMask = 2147483647;
			files = (
				1118CD751CA0DF5100C2E0AF /* LaunchScreen.storyboard in Resources */,
				1118CD721CA0DF5100C2E0AF /* Assets.xcassets in Resources */,
				1118CD701CA0DF5100C2E0AF /* Main.storyboard in Resources */,
			);
			runOnlyForDeploymentPostprocessing = 0;
		};
/* End PBXResourcesBuildPhase section */

/* Begin PBXSourcesBuildPhase section */
		1118CD631CA0DF5100C2E0AF /* Sources */ = {
			isa = PBXSourcesBuildPhase;
			buildActionMask = 2147483647;
			files = (
				1118CD6D1CA0DF5100C2E0AF /* ViewController.swift in Sources */,
				1118CD6B1CA0DF5100C2E0AF /* AppDelegate.swift in Sources */,
			);
			runOnlyForDeploymentPostprocessing = 0;
		};
/* End PBXSourcesBuildPhase section */

/* Begin PBXVariantGroup section */
		1118CD6E1CA0DF5100C2E0AF /* Main.storyboard */ = {
			isa = PBXVariantGroup;
			children = (
				1118CD6F1CA0DF5100C2E0AF /* Base */,
			);
			name = Main.storyboard;
			sourceTree = "<group>";
		};
		1118CD731CA0DF5100C2E0AF /* LaunchScreen.storyboard */ = {
			isa = PBXVariantGroup;
			children = (
				1118CD741CA0DF5100C2E0AF /* Base */,
			);
			name = LaunchScreen.storyboard;
			sourceTree = "<group>";
		};
/* End PBXVariantGroup section */

/* Begin XCBuildConfiguration section */
		1118CD771CA0DF5100C2E0AF /* Debug */ = {
			isa = XCBuildConfiguration;
			buildSettings = {
				ALWAYS_SEARCH_USER_PATHS = NO;
				CLANG_CXX_LANGUAGE_STANDARD = "gnu++0x";
				CLANG_CXX_LIBRARY = "libc++";
				CLANG_ENABLE_MODULES = YES;
				CLANG_ENABLE_OBJC_ARC = YES;
				CLANG_WARN_BOOL_CONVERSION = YES;
				CLANG_WARN_CONSTANT_CONVERSION = YES;
				CLANG_WARN_DIRECT_OBJC_ISA_USAGE = YES_ERROR;
				CLANG_WARN_EMPTY_BODY = YES;
				CLANG_WARN_ENUM_CONVERSION = YES;
				CLANG_WARN_INT_CONVERSION = YES;
				CLANG_WARN_OBJC_ROOT_CLASS = YES_ERROR;
				CLANG_WARN_UNREACHABLE_CODE = YES;
				CLANG_WARN__DUPLICATE_METHOD_MATCH = YES;
				"CODE_SIGN_IDENTITY[sdk=iphoneos*]" = "iPhone Developer";
				COPY_PHASE_STRIP = NO;
				DEBUG_INFORMATION_FORMAT = dwarf;
				ENABLE_STRICT_OBJC_MSGSEND = YES;
				ENABLE_TESTABILITY = YES;
				GCC_C_LANGUAGE_STANDARD = gnu99;
				GCC_DYNAMIC_NO_PIC = NO;
				GCC_NO_COMMON_BLOCKS = YES;
				GCC_OPTIMIZATION_LEVEL = 0;
				GCC_PREPROCESSOR_DEFINITIONS = (
					"DEBUG=1",
					"$(inherited)",
				);
				GCC_WARN_64_TO_32_BIT_CONVERSION = YES;
				GCC_WARN_ABOUT_RETURN_TYPE = YES_ERROR;
				GCC_WARN_UNDECLARED_SELECTOR = YES;
				GCC_WARN_UNINITIALIZED_AUTOS = YES_AGGRESSIVE;
				GCC_WARN_UNUSED_FUNCTION = YES;
				GCC_WARN_UNUSED_VARIABLE = YES;
				IPHONEOS_DEPLOYMENT_TARGET = 9.2;
				MTL_ENABLE_DEBUG_INFO = YES;
				ONLY_ACTIVE_ARCH = YES;
				SDKROOT = iphoneos;
				SWIFT_OPTIMIZATION_LEVEL = "-Onone";
				TARGETED_DEVICE_FAMILY = "1,2";
			};
			name = Debug;
		};
		1118CD781CA0DF5100C2E0AF /* Release */ = {
			isa = XCBuildConfiguration;
			buildSettings = {
				ALWAYS_SEARCH_USER_PATHS = NO;
				CLANG_CXX_LANGUAGE_STANDARD = "gnu++0x";
				CLANG_CXX_LIBRARY = "libc++";
				CLANG_ENABLE_MODULES = YES;
				CLANG_ENABLE_OBJC_ARC = YES;
				CLANG_WARN_BOOL_CONVERSION = YES;
				CLANG_WARN_CONSTANT_CONVERSION = YES;
				CLANG_WARN_DIRECT_OBJC_ISA_USAGE = YES_ERROR;
				CLANG_WARN_EMPTY_BODY = YES;
				CLANG_WARN_ENUM_CONVERSION = YES;
				CLANG_WARN_INT_CONVERSION = YES;
				CLANG_WARN_OBJC_ROOT_CLASS = YES_ERROR;
				CLANG_WARN_UNREACHABLE_CODE = YES;
				CLANG_WARN__DUPLICATE_METHOD_MATCH = YES;
				"CODE_SIGN_IDENTITY[sdk=iphoneos*]" = "iPhone Developer";
				COPY_PHASE_STRIP = NO;
				DEBUG_INFORMATION_FORMAT = "dwarf-with-dsym";
				ENABLE_NS_ASSERTIONS = NO;
				ENABLE_STRICT_OBJC_MSGSEND = YES;
				GCC_C_LANGUAGE_STANDARD = gnu99;
				GCC_NO_COMMON_BLOCKS = YES;
				GCC_WARN_64_TO_32_BIT_CONVERSION = YES;
				GCC_WARN_ABOUT_RETURN_TYPE = YES_ERROR;
				GCC_WARN_UNDECLARED_SELECTOR = YES;
				GCC_WARN_UNINITIALIZED_AUTOS = YES_AGGRESSIVE;
				GCC_WARN_UNUSED_FUNCTION = YES;
				GCC_WARN_UNUSED_VARIABLE = YES;
				IPHONEOS_DEPLOYMENT_TARGET = 9.2;
				MTL_ENABLE_DEBUG_INFO = NO;
				SDKROOT = iphoneos;
				TARGETED_DEVICE_FAMILY = "1,2";
				VALIDATE_PRODUCT = YES;
			};
			name = Release;
		};
		1118CD7A1CA0DF5100C2E0AF /* Debug */ = {
			isa = XCBuildConfiguration;
			buildSettings = {
				ASSETCATALOG_COMPILER_APPICON_NAME = AppIcon;
				INFOPLIST_FILE = fileTest/Info.plist;
				LD_RUNPATH_SEARCH_PATHS = "$(inherited) @executable_path/Frameworks";
				PRODUCT_BUNDLE_IDENTIFIER = net.kahopoon.fileTest;
				PRODUCT_NAME = "$(TARGET_NAME)";
			};
			name = Debug;
		};
		1118CD7B1CA0DF5100C2E0AF /* Release */ = {
			isa = XCBuildConfiguration;
			buildSettings = {
				ASSETCATALOG_COMPILER_APPICON_NAME = AppIcon;
				INFOPLIST_FILE = fileTest/Info.plist;
				LD_RUNPATH_SEARCH_PATHS = "$(inherited) @executable_path/Frameworks";
				PRODUCT_BUNDLE_IDENTIFIER = net.kahopoon.fileTest;
				PRODUCT_NAME = "$(TARGET_NAME)";
			};
			name = Release;
		};
/* End XCBuildConfiguration section */

/* Begin XCConfigurationList section */
		1118CD621CA0DF5100C2E0AF /* Build configuration list for PBXProject "fileTest" */ = {
			isa = XCConfigurationList;
			buildConfigurations = (
				1118CD771CA0DF5100C2E0AF /* Debug */,
				1118CD781CA0DF5100C2E0AF /* Release */,
			);
			defaultConfigurationIsVisible = 0;
			defaultConfigurationName = Release;
		};
		1118CD791CA0DF5100C2E0AF /* Build configuration list for PBXNativeTarget "fileTest" */ = {
			isa = XCConfigurationList;
			buildConfigurations = (
				1118CD7A1CA0DF5100C2E0AF /* Debug */,
				1118CD7B1CA0DF5100C2E0AF /* Release */,
			);
			defaultConfigurationIsVisible = 0;
		};
/* End XCConfigurationList section */
	};
	rootObject = 1118CD5F1CA0DF5100C2E0AF /* Project object */;
}
